
Microsoft Visual Studio Solution File, Format Version 12.00
# Visual Studio Version 16
VisualStudioVersion = 16.0.29609.76
MinimumVisualStudioVersion = 10.0.40219.1
Project("{FAE04EC0-301F-11D3-BF4B-00C04F79EFBC}") = "ConsoleApp11_Kolekcje-Dictionary", "ConsoleApp11_Kolekcje-Dictionary\ConsoleApp11_Kolekcje-Dictionary.csproj", "{D6FE21DB-91D1-4B80-AB6F-4C07E5F225CA}"
EndProject
Global
	GlobalSection(SolutionConfigurationPlatforms) = preSolution
		Debug|Any CPU = Debug|Any CPU
		Release|Any CPU = Release|Any CPU
	EndGlobalSection
	GlobalSection(ProjectConfigurationPlatforms) = postSolution
		{D6FE21DB-91D1-4B80-AB6F-4C07E5F225CA}.Debug|Any CPU.ActiveCfg = Debug|Any CPU
		{D6FE21DB-91D1-4B80-AB6F-4C07E5F225CA}.Debug|Any CPU.Build.0 = Debug|Any CPU
		{D6FE21DB-91D1-4B80-AB6F-4C07E5F225CA}.Release|Any CPU.ActiveCfg = Release|Any CPU
		{D6FE21DB-91D1-4B80-AB6F-4C07E5F225CA}.Release|Any CPU.Build.0 = Release|Any CPU
	EndGlobalSection
	GlobalSection(SolutionProperties) = preSolution
		HideSolutionNode = FALSE
	EndGlobalSection
	GlobalSection(ExtensibilityGlobals) = postSolution
		SolutionGuid = {422AC47F-556D-4939-9632-40893F07551D}
	EndGlobalSection
EndGlobal
